// !$*UTF8*$!
{
	archiveVersion = 1;
	classes = {
	};
	objectVersion = 46;
	objects = {

/* Begin PBXBuildFile section */
		EBBFD3EA1F3044BD00D2D57C /* AppDelegate.swift in Sources */ = {isa = PBXBuildFile; fileRef = EBBFD3E91F3044BD00D2D57C /* AppDelegate.swift */; };
		EBBFD3EC1F3044BD00D2D57C /* ViewController.swift in Sources */ = {isa = PBXBuildFile; fileRef = EBBFD3EB1F3044BD00D2D57C /* ViewController.swift */; };
		EBBFD3EF1F3044BD00D2D57C /* Main.storyboard in Resources */ = {isa = PBXBuildFile; fileRef = EBBFD3ED1F3044BD00D2D57C /* Main.storyboard */; };
		EBBFD3F11F3044BD00D2D57C /* Assets.xcassets in Resources */ = {isa = PBXBuildFile; fileRef = EBBFD3F01F3044BD00D2D57C /* Assets.xcassets */; };
		EBBFD3F41F3044BD00D2D57C /* LaunchScreen.storyboard in Resources */ = {isa = PBXBuildFile; fileRef = EBBFD3F21F3044BD00D2D57C /* LaunchScreen.storyboard */; };
		EBBFD3FF1F3044BD00D2D57C /* MonsterTests.swift in Sources */ = {isa = PBXBuildFile; fileRef = EBBFD3FE1F3044BD00D2D57C /* MonsterTests.swift */; };
		EBBFD40A1F3044BD00D2D57C /* MonsterUITests.swift in Sources */ = {isa = PBXBuildFile; fileRef = EBBFD4091F3044BD00D2D57C /* MonsterUITests.swift */; };
		EBBFD4181F30455600D2D57C /* ViewMonsterController.swift in Sources */ = {isa = PBXBuildFile; fileRef = EBBFD4171F30455600D2D57C /* ViewMonsterController.swift */; };
		EBBFD41A1F30457300D2D57C /* Monster.swift in Sources */ = {isa = PBXBuildFile; fileRef = EBBFD4191F30457300D2D57C /* Monster.swift */; };
/* End PBXBuildFile section */

/* Begin PBXContainerItemProxy section */
		EBBFD3FB1F3044BD00D2D57C /* PBXContainerItemProxy */ = {
			isa = PBXContainerItemProxy;
			containerPortal = EBBFD3DE1F3044BD00D2D57C /* Project object */;
			proxyType = 1;
			remoteGlobalIDString = EBBFD3E51F3044BD00D2D57C;
			remoteInfo = Monster;
		};
		EBBFD4061F3044BD00D2D57C /* PBXContainerItemProxy */ = {
			isa = PBXContainerItemProxy;
			containerPortal = EBBFD3DE1F3044BD00D2D57C /* Project object */;
			proxyType = 1;
			remoteGlobalIDString = EBBFD3E51F3044BD00D2D57C;
			remoteInfo = Monster;
		};
/* End PBXContainerItemProxy section */

/* Begin PBXFileReference section */
		EBBFD3E61F3044BD00D2D57C /* Monster.app */ = {isa = PBXFileReference; explicitFileType = wrapper.application; includeInIndex = 0; path = Monster.app; sourceTree = BUILT_PRODUCTS_DIR; };
		EBBFD3E91F3044BD00D2D57C /* AppDelegate.swift */ = {isa = PBXFileReference; lastKnownFileType = sourcecode.swift; path = AppDelegate.swift; sourceTree = "<group>"; };
		EBBFD3EB1F3044BD00D2D57C /* ViewController.swift */ = {isa = PBXFileReference; lastKnownFileType = sourcecode.swift; path = ViewController.swift; sourceTree = "<group>"; };
		EBBFD3EE1F3044BD00D2D57C /* Base */ = {isa = PBXFileReference; lastKnownFileType = file.storyboard; name = Base; path = Base.lproj/Main.storyboard; sourceTree = "<group>"; };
		EBBFD3F01F3044BD00D2D57C /* Assets.xcassets */ = {isa = PBXFileReference; lastKnownFileType = folder.assetcatalog; path = Assets.xcassets; sourceTree = "<group>"; };
		EBBFD3F31F3044BD00D2D57C /* Base */ = {isa = PBXFileReference; lastKnownFileType = file.storyboard; name = Base; path = Base.lproj/LaunchScreen.storyboard; sourceTree = "<group>"; };
		EBBFD3F51F3044BD00D2D57C /* Info.plist */ = {isa = PBXFileReference; lastKnownFileType = text.plist.xml; path = Info.plist; sourceTree = "<group>"; };
		EBBFD3FA1F3044BD00D2D57C /* MonsterTests.xctest */ = {isa = PBXFileReference; explicitFileType = wrapper.cfbundle; includeInIndex = 0; path = MonsterTests.xctest; sourceTree = BUILT_PRODUCTS_DIR; };
		EBBFD3FE1F3044BD00D2D57C /* MonsterTests.swift */ = {isa = PBXFileReference; lastKnownFileType = sourcecode.swift; path = MonsterTests.swift; sourceTree = "<group>"; };
		EBBFD4001F3044BD00D2D57C /* Info.plist */ = {isa = PBXFileReference; lastKnownFileType = text.plist.xml; path = Info.plist; sourceTree = "<group>"; };
		EBBFD4051F3044BD00D2D57C /* MonsterUITests.xctest */ = {isa = PBXFileReference; explicitFileType = wrapper.cfbundle; includeInIndex = 0; path = MonsterUITests.xctest; sourceTree = BUILT_PRODUCTS_DIR; };
		EBBFD4091F3044BD00D2D57C /* MonsterUITests.swift */ = {isa = PBXFileReference; lastKnownFileType = sourcecode.swift; path = MonsterUITests.swift; sourceTree = "<group>"; };
		EBBFD40B1F3044BD00D2D57C /* Info.plist */ = {isa = PBXFileReference; lastKnownFileType = text.plist.xml; path = Info.plist; sourceTree = "<group>"; };
		EBBFD4171F30455600D2D57C /* ViewMonsterController.swift */ = {isa = PBXFileReference; fileEncoding = 4; lastKnownFileType = sourcecode.swift; name = ViewMonsterController.swift; path = ../ViewMonsterController.swift; sourceTree = "<group>"; };
		EBBFD4191F30457300D2D57C /* Monster.swift */ = {isa = PBXFileReference; fileEncoding = 4; lastKnownFileType = sourcecode.swift; path = Monster.swift; sourceTree = SOURCE_ROOT; };
/* End PBXFileReference section */

/* Begin PBXFrameworksBuildPhase section */
		EBBFD3E31F3044BD00D2D57C /* Frameworks */ = {
			isa = PBXFrameworksBuildPhase;
			buildActionMask = 2147483647;
			files = (
			);
			runOnlyForDeploymentPostprocessing = 0;
		};
		EBBFD3F71F3044BD00D2D57C /* Frameworks */ = {
			isa = PBXFrameworksBuildPhase;
			buildActionMask = 2147483647;
			files = (
			);
			runOnlyForDeploymentPostprocessing = 0;
		};
		EBBFD4021F3044BD00D2D57C /* Frameworks */ = {
			isa = PBXFrameworksBuildPhase;
			buildActionMask = 2147483647;
			files = (
			);
			runOnlyForDeploymentPostprocessing = 0;
		};
/* End PBXFrameworksBuildPhase section */

/* Begin PBXGroup section */
		EBBFD3DD1F3044BD00D2D57C = {
			isa = PBXGroup;
			children = (
				EBBFD3E81F3044BD00D2D57C /* Monster */,
				EBBFD3FD1F3044BD00D2D57C /* MonsterTests */,
				EBBFD4081F3044BD00D2D57C /* MonsterUITests */,
				EBBFD3E71F3044BD00D2D57C /* Products */,
			);
			sourceTree = "<group>";
		};
		EBBFD3E71F3044BD00D2D57C /* Products */ = {
			isa = PBXGroup;
			children = (
				EBBFD3E61F3044BD00D2D57C /* Monster.app */,
				EBBFD3FA1F3044BD00D2D57C /* MonsterTests.xctest */,
				EBBFD4051F3044BD00D2D57C /* MonsterUITests.xctest */,
			);
			name = Products;
			sourceTree = "<group>";
		};
		EBBFD3E81F3044BD00D2D57C /* Monster */ = {
			isa = PBXGroup;
			children = (
				EBBFD4171F30455600D2D57C /* ViewMonsterController.swift */,
				EBBFD4191F30457300D2D57C /* Monster.swift */,
				EBBFD3E91F3044BD00D2D57C /* AppDelegate.swift */,
				EBBFD3EB1F3044BD00D2D57C /* ViewController.swift */,
				EBBFD3ED1F3044BD00D2D57C /* Main.storyboard */,
				EBBFD3F01F3044BD00D2D57C /* Assets.xcassets */,
				EBBFD3F21F3044BD00D2D57C /* LaunchScreen.storyboard */,
				EBBFD3F51F3044BD00D2D57C /* Info.plist */,
			);
			path = Monster;
			sourceTree = "<group>";
		};
		EBBFD3FD1F3044BD00D2D57C /* MonsterTests */ = {
			isa = PBXGroup;
			children = (
				EBBFD3FE1F3044BD00D2D57C /* MonsterTests.swift */,
				EBBFD4001F3044BD00D2D57C /* Info.plist */,
			);
			path = MonsterTests;
			sourceTree = "<group>";
		};
		EBBFD4081F3044BD00D2D57C /* MonsterUITests */ = {
			isa = PBXGroup;
			children = (
				EBBFD4091F3044BD00D2D57C /* MonsterUITests.swift */,
				EBBFD40B1F3044BD00D2D57C /* Info.plist */,
			);
			path = MonsterUITests;
			sourceTree = "<group>";
		};
/* End PBXGroup section */

/* Begin PBXNativeTarget section */
		EBBFD3E51F3044BD00D2D57C /* Monster */ = {
			isa = PBXNativeTarget;
			buildConfigurationList = EBBFD40E1F3044BD00D2D57C /* Build configuration list for PBXNativeTarget "Monster" */;
			buildPhases = (
				EBBFD3E21F3044BD00D2D57C /* Sources */,
				EBBFD3E31F3044BD00D2D57C /* Frameworks */,
				EBBFD3E41F3044BD00D2D57C /* Resources */,
			);
			buildRules = (
			);
			dependencies = (
			);
			name = Monster;
			productName = Monster;
			productReference = EBBFD3E61F3044BD00D2D57C /* Monster.app */;
			productType = "com.apple.product-type.application";
		};
		EBBFD3F91F3044BD00D2D57C /* MonsterTests */ = {
			isa = PBXNativeTarget;
			buildConfigurationList = EBBFD4111F3044BD00D2D57C /* Build configuration list for PBXNativeTarget "MonsterTests" */;
			buildPhases = (
				EBBFD3F61F3044BD00D2D57C /* Sources */,
				EBBFD3F71F3044BD00D2D57C /* Frameworks */,
				EBBFD3F81F3044BD00D2D57C /* Resources */,
			);
			buildRules = (
			);
			dependencies = (
				EBBFD3FC1F3044BD00D2D57C /* PBXTargetDependency */,
			);
			name = MonsterTests;
			productName = MonsterTests;
			productReference = EBBFD3FA1F3044BD00D2D57C /* MonsterTests.xctest */;
			productType = "com.apple.product-type.bundle.unit-test";
		};
		EBBFD4041F3044BD00D2D57C /* MonsterUITests */ = {
			isa = PBXNativeTarget;
			buildConfigurationList = EBBFD4141F3044BD00D2D57C /* Build configuration list for PBXNativeTarget "MonsterUITests" */;
			buildPhases = (
				EBBFD4011F3044BD00D2D57C /* Sources */,
				EBBFD4021F3044BD00D2D57C /* Frameworks */,
				EBBFD4031F3044BD00D2D57C /* Resources */,
			);
			buildRules = (
			);
			dependencies = (
				EBBFD4071F3044BD00D2D57C /* PBXTargetDependency */,
			);
			name = MonsterUITests;
			productName = MonsterUITests;
			productReference = EBBFD4051F3044BD00D2D57C /* MonsterUITests.xctest */;
			productType = "com.apple.product-type.bundle.ui-testing";
		};
/* End PBXNativeTarget section */

/* Begin PBXProject section */
		EBBFD3DE1F3044BD00D2D57C /* Project object */ = {
			isa = PBXProject;
			attributes = {
				LastSwiftUpdateCheck = 0830;
				LastUpgradeCheck = 0830;
				ORGANIZATIONNAME = YuanZhan;
				TargetAttributes = {
					EBBFD3E51F3044BD00D2D57C = {
						CreatedOnToolsVersion = 8.3.3;
						ProvisioningStyle = Automatic;
					};
					EBBFD3F91F3044BD00D2D57C = {
						CreatedOnToolsVersion = 8.3.3;
						ProvisioningStyle = Automatic;
						TestTargetID = EBBFD3E51F3044BD00D2D57C;
					};
					EBBFD4041F3044BD00D2D57C = {
						CreatedOnToolsVersion = 8.3.3;
						ProvisioningStyle = Automatic;
						TestTargetID = EBBFD3E51F3044BD00D2D57C;
					};
				};
			};
			buildConfigurationList = EBBFD3E11F3044BD00D2D57C /* Build configuration list for PBXProject "Monster" */;
			compatibilityVersion = "Xcode 3.2";
			developmentRegion = English;
			hasScannedForEncodings = 0;
			knownRegions = (
				en,
				Base,
			);
			mainGroup = EBBFD3DD1F3044BD00D2D57C;
			productRefGroup = EBBFD3E71F3044BD00D2D57C /* Products */;
			projectDirPath = "";
			projectRoot = "";
			targets = (
				EBBFD3E51F3044BD00D2D57C /* Monster */,
				EBBFD3F91F3044BD00D2D57C /* MonsterTests */,
				EBBFD4041F3044BD00D2D57C /* MonsterUITests */,
			);
		};
/* End PBXProject section */

/* Begin PBXResourcesBuildPhase section */
		EBBFD3E41F3044BD00D2D57C /* Resources */ = {
			isa = PBXResourcesBuildPhase;
			buildActionMask = 2147483647;
			files = (
				EBBFD3F41F3044BD00D2D57C /* LaunchScreen.storyboard in Resources */,
				EBBFD3F11F3044BD00D2D57C /* Assets.xcassets in Resources */,
				EBBFD3EF1F3044BD00D2D57C /* Main.storyboard in Resources */,
			);
			runOnlyForDeploymentPostprocessing = 0;
		};
		EBBFD3F81F3044BD00D2D57C /* Resources */ = {
			isa = PBXResourcesBuildPhase;
			buildActionMask = 2147483647;
			files = (
			);
			runOnlyForDeploymentPostprocessing = 0;
		};
		EBBFD4031F3044BD00D2D57C /* Resources */ = {
			isa = PBXResourcesBuildPhase;
			buildActionMask = 2147483647;
			files = (
			);
			runOnlyForDeploymentPostprocessing = 0;
		};
/* End PBXResourcesBuildPhase section */

/* Begin PBXSourcesBuildPhase section */
		EBBFD3E21F3044BD00D2D57C /* Sources */ = {
			isa = PBXSourcesBuildPhase;
			buildActionMask = 2147483647;
			files = (
				EBBFD41A1F30457300D2D57C /* Monster.swift in Sources */,
				EBBFD3EC1F3044BD00D2D57C /* ViewController.swift in Sources */,
				EBBFD4181F30455600D2D57C /* ViewMonsterController.swift in Sources */,
				EBBFD3EA1F3044BD00D2D57C /* AppDelegate.swift in Sources */,
			);
			runOnlyForDeploymentPostprocessing = 0;
		};
		EBBFD3F61F3044BD00D2D57C /* Sources */ = {
			isa = PBXSourcesBuildPhase;
			buildActionMask = 2147483647;
			files = (
				EBBFD3FF1F3044BD00D2D57C /* MonsterTests.swift in Sources */,
			);
			runOnlyForDeploymentPostprocessing = 0;
		};
		EBBFD4011F3044BD00D2D57C /* Sources */ = {
			isa = PBXSourcesBuildPhase;
			buildActionMask = 2147483647;
			files = (
				EBBFD40A1F3044BD00D2D57C /* MonsterUITests.swift in Sources */,
			);
			runOnlyForDeploymentPostprocessing = 0;
		};
/* End PBXSourcesBuildPhase section */

/* Begin PBXTargetDependency section */
		EBBFD3FC1F3044BD00D2D57C /* PBXTargetDependency */ = {
			isa = PBXTargetDependency;
			target = EBBFD3E51F3044BD00D2D57C /* Monster */;
			targetProxy = EBBFD3FB1F3044BD00D2D57C /* PBXContainerItemProxy */;
		};
		EBBFD4071F3044BD00D2D57C /* PBXTargetDependency */ = {
			isa = PBXTargetDependency;
			target = EBBFD3E51F3044BD00D2D57C /* Monster */;
			targetProxy = EBBFD4061F3044BD00D2D57C /* PBXContainerItemProxy */;
		};
/* End PBXTargetDependency section */

/* Begin PBXVariantGroup section */
		EBBFD3ED1F3044BD00D2D57C /* Main.storyboard */ = {
			isa = PBXVariantGroup;
			children = (
				EBBFD3EE1F3044BD00D2D57C /* Base */,
			);
			name = Main.storyboard;
			sourceTree = "<group>";
		};
		EBBFD3F21F3044BD00D2D57C /* LaunchScreen.storyboard */ = {
			isa = PBXVariantGroup;
			children = (
				EBBFD3F31F3044BD00D2D57C /* Base */,
			);
			name = LaunchScreen.storyboard;
			sourceTree = "<group>";
		};
/* End PBXVariantGroup section */

/* Begin XCBuildConfiguration section */
		EBBFD40C1F3044BD00D2D57C /* Debug */ = {
			isa = XCBuildConfiguration;
			buildSettings = {
				ALWAYS_SEARCH_USER_PATHS = NO;
				CLANG_ANALYZER_NONNULL = YES;
				CLANG_ANALYZER_NUMBER_OBJECT_CONVERSION = YES_AGGRESSIVE;
				CLANG_CXX_LANGUAGE_STANDARD = "gnu++0x";
				CLANG_CXX_LIBRARY = "libc++";
				CLANG_ENABLE_MODULES = YES;
				CLANG_ENABLE_OBJC_ARC = YES;
				CLANG_WARN_BOOL_CONVERSION = YES;
				CLANG_WARN_CONSTANT_CONVERSION = YES;
				CLANG_WARN_DIRECT_OBJC_ISA_USAGE = YES_ERROR;
				CLANG_WARN_DOCUMENTATION_COMMENTS = YES;
				CLANG_WARN_EMPTY_BODY = YES;
				CLANG_WARN_ENUM_CONVERSION = YES;
				CLANG_WARN_INFINITE_RECURSION = YES;
				CLANG_WARN_INT_CONVERSION = YES;
				CLANG_WARN_OBJC_ROOT_CLASS = YES_ERROR;
				CLANG_WARN_SUSPICIOUS_MOVE = YES;
				CLANG_WARN_UNREACHABLE_CODE = YES;
				CLANG_WARN__DUPLICATE_METHOD_MATCH = YES;
				"CODE_SIGN_IDENTITY[sdk=iphoneos*]" = "iPhone Developer";
				COPY_PHASE_STRIP = NO;
				DEBUG_INFORMATION_FORMAT = dwarf;
				ENABLE_STRICT_OBJC_MSGSEND = YES;
				ENABLE_TESTABILITY = YES;
				GCC_C_LANGUAGE_STANDARD = gnu99;
				GCC_DYNAMIC_NO_PIC = NO;
				GCC_NO_COMMON_BLOCKS = YES;
				GCC_OPTIMIZATION_LEVEL = 0;
				GCC_PREPROCESSOR_DEFINITIONS = (
					"DEBUG=1",
					"$(inherited)",
				);
				GCC_WARN_64_TO_32_BIT_CONVERSION = YES;
				GCC_WARN_ABOUT_RETURN_TYPE = YES_ERROR;
				GCC_WARN_UNDECLARED_SELECTOR = YES;
				GCC_WARN_UNINITIALIZED_AUTOS = YES_AGGRESSIVE;
				GCC_WARN_UNUSED_FUNCTION = YES;
				GCC_WARN_UNUSED_VARIABLE = YES;
				IPHONEOS_DEPLOYMENT_TARGET = 10.3;
				MTL_ENABLE_DEBUG_INFO = YES;
				ONLY_ACTIVE_ARCH = YES;
				SDKROOT = iphoneos;
				SWIFT_ACTIVE_COMPILATION_CONDITIONS = DEBUG;
				SWIFT_OPTIMIZATION_LEVEL = "-Onone";
			};
			name = Debug;
		};
		EBBFD40D1F3044BD00D2D57C /* Release */ = {
			isa = XCBuildConfiguration;
			buildSettings = {
				ALWAYS_SEARCH_USER_PATHS = NO;
				CLANG_ANALYZER_NONNULL = YES;
				CLANG_ANALYZER_NUMBER_OBJECT_CONVERSION = YES_AGGRESSIVE;
				CLANG_CXX_LANGUAGE_STANDARD = "gnu++0x";
				CLANG_CXX_LIBRARY = "libc++";
				CLANG_ENABLE_MODULES = YES;
				CLANG_ENABLE_OBJC_ARC = YES;
				CLANG_WARN_BOOL_CONVERSION = YES;
				CLANG_WARN_CONSTANT_CONVERSION = YES;
				CLANG_WARN_DIRECT_OBJC_ISA_USAGE = YES_ERROR;
				CLANG_WARN_DOCUMENTATION_COMMENTS = YES;
				CLANG_WARN_EMPTY_BODY = YES;
				CLANG_WARN_ENUM_CONVERSION = YES;
				CLANG_WARN_INFINITE_RECURSION = YES;
				CLANG_WARN_INT_CONVERSION = YES;
				CLANG_WARN_OBJC_ROOT_CLASS = YES_ERROR;
				CLANG_WARN_SUSPICIOUS_MOVE = YES;
				CLANG_WARN_UNREACHABLE_CODE = YES;
				CLANG_WARN__DUPLICATE_METHOD_MATCH = YES;
				"CODE_SIGN_IDENTITY[sdk=iphoneos*]" = "iPhone Developer";
				COPY_PHASE_STRIP = NO;
				DEBUG_INFORMATION_FORMAT = "dwarf-with-dsym";
				ENABLE_NS_ASSERTIONS = NO;
				ENABLE_STRICT_OBJC_MSGSEND = YES;
				GCC_C_LANGUAGE_STANDARD = gnu99;
				GCC_NO_COMMON_BLOCKS = YES;
				GCC_WARN_64_TO_32_BIT_CONVERSION = YES;
				GCC_WARN_ABOUT_RETURN_TYPE = YES_ERROR;
				GCC_WARN_UNDECLARED_SELECTOR = YES;
				GCC_WARN_UNINITIALIZED_AUTOS = YES_AGGRESSIVE;
				GCC_WARN_UNUSED_FUNCTION = YES;
				GCC_WARN_UNUSED_VARIABLE = YES;
				IPHONEOS_DEPLOYMENT_TARGET = 10.3;
				MTL_ENABLE_DEBUG_INFO = NO;
				SDKROOT = iphoneos;
				SWIFT_OPTIMIZATION_LEVEL = "-Owholemodule";
				VALIDATE_PRODUCT = YES;
			};
			name = Release;
		};
		EBBFD40F1F3044BD00D2D57C /* Debug */ = {
			isa = XCBuildConfiguration;
			buildSettings = {
				ASSETCATALOG_COMPILER_APPICON_NAME = AppIcon;
				INFOPLIST_FILE = Monster/Info.plist;
				LD_RUNPATH_SEARCH_PATHS = "$(inherited) @executable_path/Frameworks";
				PRODUCT_BUNDLE_IDENTIFIER = None.Monster;
				PRODUCT_NAME = "$(TARGET_NAME)";
				SWIFT_VERSION = 3.0;
			};
			name = Debug;
		};
		EBBFD4101F3044BD00D2D57C /* Release */ = {
			isa = XCBuildConfiguration;
			buildSettings = {
				ASSETCATALOG_COMPILER_APPICON_NAME = AppIcon;
				INFOPLIST_FILE = Monster/Info.plist;
				LD_RUNPATH_SEARCH_PATHS = "$(inherited) @executable_path/Frameworks";
				PRODUCT_BUNDLE_IDENTIFIER = None.Monster;
				PRODUCT_NAME = "$(TARGET_NAME)";
				SWIFT_VERSION = 3.0;
			};
			name = Release;
		};
		EBBFD4121F3044BD00D2D57C /* Debug */ = {
			isa = XCBuildConfiguration;
			buildSettings = {
				ALWAYS_EMBED_SWIFT_STANDARD_LIBRARIES = YES;
				BUNDLE_LOADER = "$(TEST_HOST)";
				INFOPLIST_FILE = MonsterTests/Info.plist;
				LD_RUNPATH_SEARCH_PATHS = "$(inherited) @executable_path/Frameworks @loader_path/Frameworks";
				PRODUCT_BUNDLE_IDENTIFIER = None.MonsterTests;
				PRODUCT_NAME = "$(TARGET_NAME)";
				SWIFT_VERSION = 3.0;
				TEST_HOST = "$(BUILT_PRODUCTS_DIR)/Monster.app/Monster";
			};
			name = Debug;
		};
		EBBFD4131F3044BD00D2D57C /* Release */ = {
			isa = XCBuildConfiguration;
			buildSettings = {
				ALWAYS_EMBED_SWIFT_STANDARD_LIBRARIES = YES;
				BUNDLE_LOADER = "$(TEST_HOST)";
				INFOPLIST_FILE = MonsterTests/Info.plist;
				LD_RUNPATH_SEARCH_PATHS = "$(inherited) @executable_path/Frameworks @loader_path/Frameworks";
				PRODUCT_BUNDLE_IDENTIFIER = None.MonsterTests;
				PRODUCT_NAME = "$(TARGET_NAME)";
				SWIFT_VERSION = 3.0;
				TEST_HOST = "$(BUILT_PRODUCTS_DIR)/Monster.app/Monster";
			};
			name = Release;
		};
		EBBFD4151F3044BD00D2D57C /* Debug */ = {
			isa = XCBuildConfiguration;
			buildSettings = {
				ALWAYS_EMBED_SWIFT_STANDARD_LIBRARIES = YES;
				INFOPLIST_FILE = MonsterUITests/Info.plist;
				LD_RUNPATH_SEARCH_PATHS = "$(inherited) @executable_path/Frameworks @loader_path/Frameworks";
				PRODUCT_BUNDLE_IDENTIFIER = None.MonsterUITests;
				PRODUCT_NAME = "$(TARGET_NAME)";
				SWIFT_VERSION = 3.0;
				TEST_TARGET_NAME = Monster;
			};
			name = Debug;
		};
		EBBFD4161F3044BD00D2D57C /* Release */ = {
			isa = XCBuildConfiguration;
			buildSettings = {
				ALWAYS_EMBED_SWIFT_STANDARD_LIBRARIES = YES;
				INFOPLIST_FILE = MonsterUITests/Info.plist;
				LD_RUNPATH_SEARCH_PATHS = "$(inherited) @executable_path/Frameworks @loader_path/Frameworks";
				PRODUCT_BUNDLE_IDENTIFIER = None.MonsterUITests;
				PRODUCT_NAME = "$(TARGET_NAME)";
				SWIFT_VERSION = 3.0;
				TEST_TARGET_NAME = Monster;
			};
			name = Release;
		};
/* End XCBuildConfiguration section */

/* Begin XCConfigurationList section */
		EBBFD3E11F3044BD00D2D57C /* Build configuration list for PBXProject "Monster" */ = {
			isa = XCConfigurationList;
			buildConfigurations = (
				EBBFD40C1F3044BD00D2D57C /* Debug */,
				EBBFD40D1F3044BD00D2D57C /* Release */,
			);
			defaultConfigurationIsVisible = 0;
			defaultConfigurationName = Release;
		};
		EBBFD40E1F3044BD00D2D57C /* Build configuration list for PBXNativeTarget "Monster" */ = {
			isa = XCConfigurationList;
			buildConfigurations = (
				EBBFD40F1F3044BD00D2D57C /* Debug */,
				EBBFD4101F3044BD00D2D57C /* Release */,
			);
			defaultConfigurationIsVisible = 0;
			defaultConfigurationName = Release;
		};
		EBBFD4111F3044BD00D2D57C /* Build configuration list for PBXNativeTarget "MonsterTests" */ = {
			isa = XCConfigurationList;
			buildConfigurations = (
				EBBFD4121F3044BD00D2D57C /* Debug */,
				EBBFD4131F3044BD00D2D57C /* Release */,
			);
			defaultConfigurationIsVisible = 0;
			defaultConfigurationName = Release;
		};
		EBBFD4141F3044BD00D2D57C /* Build configuration list for PBXNativeTarget "MonsterUITests" */ = {
			isa = XCConfigurationList;
			buildConfigurations = (
				EBBFD4151F3044BD00D2D57C /* Debug */,
				EBBFD4161F3044BD00D2D57C /* Release */,
			);
			defaultConfigurationIsVisible = 0;
			defaultConfigurationName = Release;
		};
/* End XCConfigurationList section */
	};
	rootObject = EBBFD3DE1F3044BD00D2D57C /* Project object */;
}
