// !$*UTF8*$!
{
	archiveVersion = 1;
	classes = {
	};
	objectVersion = 46;
	objects = {

/* Begin PBXBuildFile section */
		EB9C77621F31B87F008430F9 /* AppDelegate.swift in Sources */ = {isa = PBXBuildFile; fileRef = EB9C77611F31B87F008430F9 /* AppDelegate.swift */; };
		EB9C77641F31B87F008430F9 /* ViewController.swift in Sources */ = {isa = PBXBuildFile; fileRef = EB9C77631F31B87F008430F9 /* ViewController.swift */; };
		EB9C77671F31B87F008430F9 /* Main.storyboard in Resources */ = {isa = PBXBuildFile; fileRef = EB9C77651F31B87F008430F9 /* Main.storyboard */; };
		EB9C77691F31B87F008430F9 /* Assets.xcassets in Resources */ = {isa = PBXBuildFile; fileRef = EB9C77681F31B87F008430F9 /* Assets.xcassets */; };
		EB9C776C1F31B87F008430F9 /* LaunchScreen.storyboard in Resources */ = {isa = PBXBuildFile; fileRef = EB9C776A1F31B87F008430F9 /* LaunchScreen.storyboard */; };
		EB9C77771F31B87F008430F9 /* UITableTests.swift in Sources */ = {isa = PBXBuildFile; fileRef = EB9C77761F31B87F008430F9 /* UITableTests.swift */; };
		EB9C77821F31B87F008430F9 /* UITableUITests.swift in Sources */ = {isa = PBXBuildFile; fileRef = EB9C77811F31B87F008430F9 /* UITableUITests.swift */; };
		EB9C77901F31B8AC008430F9 /* ParytListController.swift in Sources */ = {isa = PBXBuildFile; fileRef = EB9C778F1F31B8AC008430F9 /* ParytListController.swift */; };
		EB9C77921F31B8D2008430F9 /* AddMonsterController.swift in Sources */ = {isa = PBXBuildFile; fileRef = EB9C77911F31B8D2008430F9 /* AddMonsterController.swift */; };
		EB9C77941F31B8FE008430F9 /* Monster.swift in Sources */ = {isa = PBXBuildFile; fileRef = EB9C77931F31B8FE008430F9 /* Monster.swift */; };
		EB9C77961F31B91A008430F9 /* MonsterCell.swift in Sources */ = {isa = PBXBuildFile; fileRef = EB9C77951F31B91A008430F9 /* MonsterCell.swift */; };
/* End PBXBuildFile section */

/* Begin PBXContainerItemProxy section */
		EB9C77731F31B87F008430F9 /* PBXContainerItemProxy */ = {
			isa = PBXContainerItemProxy;
			containerPortal = EB9C77561F31B87F008430F9 /* Project object */;
			proxyType = 1;
			remoteGlobalIDString = EB9C775D1F31B87F008430F9;
			remoteInfo = UITable;
		};
		EB9C777E1F31B87F008430F9 /* PBXContainerItemProxy */ = {
			isa = PBXContainerItemProxy;
			containerPortal = EB9C77561F31B87F008430F9 /* Project object */;
			proxyType = 1;
			remoteGlobalIDString = EB9C775D1F31B87F008430F9;
			remoteInfo = UITable;
		};
/* End PBXContainerItemProxy section */

/* Begin PBXFileReference section */
		EB9C775E1F31B87F008430F9 /* UITable.app */ = {isa = PBXFileReference; explicitFileType = wrapper.application; includeInIndex = 0; path = UITable.app; sourceTree = BUILT_PRODUCTS_DIR; };
		EB9C77611F31B87F008430F9 /* AppDelegate.swift */ = {isa = PBXFileReference; lastKnownFileType = sourcecode.swift; path = AppDelegate.swift; sourceTree = "<group>"; };
		EB9C77631F31B87F008430F9 /* ViewController.swift */ = {isa = PBXFileReference; lastKnownFileType = sourcecode.swift; path = ViewController.swift; sourceTree = "<group>"; };
		EB9C77661F31B87F008430F9 /* Base */ = {isa = PBXFileReference; lastKnownFileType = file.storyboard; name = Base; path = Base.lproj/Main.storyboard; sourceTree = "<group>"; };
		EB9C77681F31B87F008430F9 /* Assets.xcassets */ = {isa = PBXFileReference; lastKnownFileType = folder.assetcatalog; path = Assets.xcassets; sourceTree = "<group>"; };
		EB9C776B1F31B87F008430F9 /* Base */ = {isa = PBXFileReference; lastKnownFileType = file.storyboard; name = Base; path = Base.lproj/LaunchScreen.storyboard; sourceTree = "<group>"; };
		EB9C776D1F31B87F008430F9 /* Info.plist */ = {isa = PBXFileReference; lastKnownFileType = text.plist.xml; path = Info.plist; sourceTree = "<group>"; };
		EB9C77721F31B87F008430F9 /* UITableTests.xctest */ = {isa = PBXFileReference; explicitFileType = wrapper.cfbundle; includeInIndex = 0; path = UITableTests.xctest; sourceTree = BUILT_PRODUCTS_DIR; };
		EB9C77761F31B87F008430F9 /* UITableTests.swift */ = {isa = PBXFileReference; lastKnownFileType = sourcecode.swift; path = UITableTests.swift; sourceTree = "<group>"; };
		EB9C77781F31B87F008430F9 /* Info.plist */ = {isa = PBXFileReference; lastKnownFileType = text.plist.xml; path = Info.plist; sourceTree = "<group>"; };
		EB9C777D1F31B87F008430F9 /* UITableUITests.xctest */ = {isa = PBXFileReference; explicitFileType = wrapper.cfbundle; includeInIndex = 0; path = UITableUITests.xctest; sourceTree = BUILT_PRODUCTS_DIR; };
		EB9C77811F31B87F008430F9 /* UITableUITests.swift */ = {isa = PBXFileReference; lastKnownFileType = sourcecode.swift; path = UITableUITests.swift; sourceTree = "<group>"; };
		EB9C77831F31B87F008430F9 /* Info.plist */ = {isa = PBXFileReference; lastKnownFileType = text.plist.xml; path = Info.plist; sourceTree = "<group>"; };
		EB9C778F1F31B8AC008430F9 /* ParytListController.swift */ = {isa = PBXFileReference; fileEncoding = 4; lastKnownFileType = sourcecode.swift; path = ParytListController.swift; sourceTree = "<group>"; };
		EB9C77911F31B8D2008430F9 /* AddMonsterController.swift */ = {isa = PBXFileReference; fileEncoding = 4; lastKnownFileType = sourcecode.swift; path = AddMonsterController.swift; sourceTree = "<group>"; };
		EB9C77931F31B8FE008430F9 /* Monster.swift */ = {isa = PBXFileReference; fileEncoding = 4; lastKnownFileType = sourcecode.swift; path = Monster.swift; sourceTree = "<group>"; };
		EB9C77951F31B91A008430F9 /* MonsterCell.swift */ = {isa = PBXFileReference; fileEncoding = 4; lastKnownFileType = sourcecode.swift; path = MonsterCell.swift; sourceTree = "<group>"; };
/* End PBXFileReference section */

/* Begin PBXFrameworksBuildPhase section */
		EB9C775B1F31B87F008430F9 /* Frameworks */ = {
			isa = PBXFrameworksBuildPhase;
			buildActionMask = 2147483647;
			files = (
			);
			runOnlyForDeploymentPostprocessing = 0;
		};
		EB9C776F1F31B87F008430F9 /* Frameworks */ = {
			isa = PBXFrameworksBuildPhase;
			buildActionMask = 2147483647;
			files = (
			);
			runOnlyForDeploymentPostprocessing = 0;
		};
		EB9C777A1F31B87F008430F9 /* Frameworks */ = {
			isa = PBXFrameworksBuildPhase;
			buildActionMask = 2147483647;
			files = (
			);
			runOnlyForDeploymentPostprocessing = 0;
		};
/* End PBXFrameworksBuildPhase section */

/* Begin PBXGroup section */
		EB9C77551F31B87F008430F9 = {
			isa = PBXGroup;
			children = (
				EB9C77601F31B87F008430F9 /* UITable */,
				EB9C77751F31B87F008430F9 /* UITableTests */,
				EB9C77801F31B87F008430F9 /* UITableUITests */,
				EB9C775F1F31B87F008430F9 /* Products */,
			);
			sourceTree = "<group>";
		};
		EB9C775F1F31B87F008430F9 /* Products */ = {
			isa = PBXGroup;
			children = (
				EB9C775E1F31B87F008430F9 /* UITable.app */,
				EB9C77721F31B87F008430F9 /* UITableTests.xctest */,
				EB9C777D1F31B87F008430F9 /* UITableUITests.xctest */,
			);
			name = Products;
			sourceTree = "<group>";
		};
		EB9C77601F31B87F008430F9 /* UITable */ = {
			isa = PBXGroup;
			children = (
				EB9C77611F31B87F008430F9 /* AppDelegate.swift */,
				EB9C77631F31B87F008430F9 /* ViewController.swift */,
				EB9C77651F31B87F008430F9 /* Main.storyboard */,
				EB9C77681F31B87F008430F9 /* Assets.xcassets */,
				EB9C776A1F31B87F008430F9 /* LaunchScreen.storyboard */,
				EB9C776D1F31B87F008430F9 /* Info.plist */,
				EB9C778F1F31B8AC008430F9 /* ParytListController.swift */,
				EB9C77931F31B8FE008430F9 /* Monster.swift */,
				EB9C77951F31B91A008430F9 /* MonsterCell.swift */,
				EB9C77911F31B8D2008430F9 /* AddMonsterController.swift */,
			);
			path = UITable;
			sourceTree = "<group>";
		};
		EB9C77751F31B87F008430F9 /* UITableTests */ = {
			isa = PBXGroup;
			children = (
				EB9C77761F31B87F008430F9 /* UITableTests.swift */,
				EB9C77781F31B87F008430F9 /* Info.plist */,
			);
			path = UITableTests;
			sourceTree = "<group>";
		};
		EB9C77801F31B87F008430F9 /* UITableUITests */ = {
			isa = PBXGroup;
			children = (
				EB9C77811F31B87F008430F9 /* UITableUITests.swift */,
				EB9C77831F31B87F008430F9 /* Info.plist */,
			);
			path = UITableUITests;
			sourceTree = "<group>";
		};
/* End PBXGroup section */

/* Begin PBXNativeTarget section */
		EB9C775D1F31B87F008430F9 /* UITable */ = {
			isa = PBXNativeTarget;
			buildConfigurationList = EB9C77861F31B87F008430F9 /* Build configuration list for PBXNativeTarget "UITable" */;
			buildPhases = (
				EB9C775A1F31B87F008430F9 /* Sources */,
				EB9C775B1F31B87F008430F9 /* Frameworks */,
				EB9C775C1F31B87F008430F9 /* Resources */,
			);
			buildRules = (
			);
			dependencies = (
			);
			name = UITable;
			productName = UITable;
			productReference = EB9C775E1F31B87F008430F9 /* UITable.app */;
			productType = "com.apple.product-type.application";
		};
		EB9C77711F31B87F008430F9 /* UITableTests */ = {
			isa = PBXNativeTarget;
			buildConfigurationList = EB9C77891F31B87F008430F9 /* Build configuration list for PBXNativeTarget "UITableTests" */;
			buildPhases = (
				EB9C776E1F31B87F008430F9 /* Sources */,
				EB9C776F1F31B87F008430F9 /* Frameworks */,
				EB9C77701F31B87F008430F9 /* Resources */,
			);
			buildRules = (
			);
			dependencies = (
				EB9C77741F31B87F008430F9 /* PBXTargetDependency */,
			);
			name = UITableTests;
			productName = UITableTests;
			productReference = EB9C77721F31B87F008430F9 /* UITableTests.xctest */;
			productType = "com.apple.product-type.bundle.unit-test";
		};
		EB9C777C1F31B87F008430F9 /* UITableUITests */ = {
			isa = PBXNativeTarget;
			buildConfigurationList = EB9C778C1F31B87F008430F9 /* Build configuration list for PBXNativeTarget "UITableUITests" */;
			buildPhases = (
				EB9C77791F31B87F008430F9 /* Sources */,
				EB9C777A1F31B87F008430F9 /* Frameworks */,
				EB9C777B1F31B87F008430F9 /* Resources */,
			);
			buildRules = (
			);
			dependencies = (
				EB9C777F1F31B87F008430F9 /* PBXTargetDependency */,
			);
			name = UITableUITests;
			productName = UITableUITests;
			productReference = EB9C777D1F31B87F008430F9 /* UITableUITests.xctest */;
			productType = "com.apple.product-type.bundle.ui-testing";
		};
/* End PBXNativeTarget section */

/* Begin PBXProject section */
		EB9C77561F31B87F008430F9 /* Project object */ = {
			isa = PBXProject;
			attributes = {
				LastSwiftUpdateCheck = 0830;
				LastUpgradeCheck = 0830;
				ORGANIZATIONNAME = YuanZhan;
				TargetAttributes = {
					EB9C775D1F31B87F008430F9 = {
						CreatedOnToolsVersion = 8.3.3;
						ProvisioningStyle = Automatic;
					};
					EB9C77711F31B87F008430F9 = {
						CreatedOnToolsVersion = 8.3.3;
						ProvisioningStyle = Automatic;
						TestTargetID = EB9C775D1F31B87F008430F9;
					};
					EB9C777C1F31B87F008430F9 = {
						CreatedOnToolsVersion = 8.3.3;
						ProvisioningStyle = Automatic;
						TestTargetID = EB9C775D1F31B87F008430F9;
					};
				};
			};
			buildConfigurationList = EB9C77591F31B87F008430F9 /* Build configuration list for PBXProject "UITable" */;
			compatibilityVersion = "Xcode 3.2";
			developmentRegion = English;
			hasScannedForEncodings = 0;
			knownRegions = (
				en,
				Base,
			);
			mainGroup = EB9C77551F31B87F008430F9;
			productRefGroup = EB9C775F1F31B87F008430F9 /* Products */;
			projectDirPath = "";
			projectRoot = "";
			targets = (
				EB9C775D1F31B87F008430F9 /* UITable */,
				EB9C77711F31B87F008430F9 /* UITableTests */,
				EB9C777C1F31B87F008430F9 /* UITableUITests */,
			);
		};
/* End PBXProject section */

/* Begin PBXResourcesBuildPhase section */
		EB9C775C1F31B87F008430F9 /* Resources */ = {
			isa = PBXResourcesBuildPhase;
			buildActionMask = 2147483647;
			files = (
				EB9C776C1F31B87F008430F9 /* LaunchScreen.storyboard in Resources */,
				EB9C77691F31B87F008430F9 /* Assets.xcassets in Resources */,
				EB9C77671F31B87F008430F9 /* Main.storyboard in Resources */,
			);
			runOnlyForDeploymentPostprocessing = 0;
		};
		EB9C77701F31B87F008430F9 /* Resources */ = {
			isa = PBXResourcesBuildPhase;
			buildActionMask = 2147483647;
			files = (
			);
			runOnlyForDeploymentPostprocessing = 0;
		};
		EB9C777B1F31B87F008430F9 /* Resources */ = {
			isa = PBXResourcesBuildPhase;
			buildActionMask = 2147483647;
			files = (
			);
			runOnlyForDeploymentPostprocessing = 0;
		};
/* End PBXResourcesBuildPhase section */

/* Begin PBXSourcesBuildPhase section */
		EB9C775A1F31B87F008430F9 /* Sources */ = {
			isa = PBXSourcesBuildPhase;
			buildActionMask = 2147483647;
			files = (
				EB9C77961F31B91A008430F9 /* MonsterCell.swift in Sources */,
				EB9C77941F31B8FE008430F9 /* Monster.swift in Sources */,
				EB9C77641F31B87F008430F9 /* ViewController.swift in Sources */,
				EB9C77901F31B8AC008430F9 /* ParytListController.swift in Sources */,
				EB9C77921F31B8D2008430F9 /* AddMonsterController.swift in Sources */,
				EB9C77621F31B87F008430F9 /* AppDelegate.swift in Sources */,
			);
			runOnlyForDeploymentPostprocessing = 0;
		};
		EB9C776E1F31B87F008430F9 /* Sources */ = {
			isa = PBXSourcesBuildPhase;
			buildActionMask = 2147483647;
			files = (
				EB9C77771F31B87F008430F9 /* UITableTests.swift in Sources */,
			);
			runOnlyForDeploymentPostprocessing = 0;
		};
		EB9C77791F31B87F008430F9 /* Sources */ = {
			isa = PBXSourcesBuildPhase;
			buildActionMask = 2147483647;
			files = (
				EB9C77821F31B87F008430F9 /* UITableUITests.swift in Sources */,
			);
			runOnlyForDeploymentPostprocessing = 0;
		};
/* End PBXSourcesBuildPhase section */

/* Begin PBXTargetDependency section */
		EB9C77741F31B87F008430F9 /* PBXTargetDependency */ = {
			isa = PBXTargetDependency;
			target = EB9C775D1F31B87F008430F9 /* UITable */;
			targetProxy = EB9C77731F31B87F008430F9 /* PBXContainerItemProxy */;
		};
		EB9C777F1F31B87F008430F9 /* PBXTargetDependency */ = {
			isa = PBXTargetDependency;
			target = EB9C775D1F31B87F008430F9 /* UITable */;
			targetProxy = EB9C777E1F31B87F008430F9 /* PBXContainerItemProxy */;
		};
/* End PBXTargetDependency section */

/* Begin PBXVariantGroup section */
		EB9C77651F31B87F008430F9 /* Main.storyboard */ = {
			isa = PBXVariantGroup;
			children = (
				EB9C77661F31B87F008430F9 /* Base */,
			);
			name = Main.storyboard;
			sourceTree = "<group>";
		};
		EB9C776A1F31B87F008430F9 /* LaunchScreen.storyboard */ = {
			isa = PBXVariantGroup;
			children = (
				EB9C776B1F31B87F008430F9 /* Base */,
			);
			name = LaunchScreen.storyboard;
			sourceTree = "<group>";
		};
/* End PBXVariantGroup section */

/* Begin XCBuildConfiguration section */
		EB9C77841F31B87F008430F9 /* Debug */ = {
			isa = XCBuildConfiguration;
			buildSettings = {
				ALWAYS_SEARCH_USER_PATHS = NO;
				CLANG_ANALYZER_NONNULL = YES;
				CLANG_ANALYZER_NUMBER_OBJECT_CONVERSION = YES_AGGRESSIVE;
				CLANG_CXX_LANGUAGE_STANDARD = "gnu++0x";
				CLANG_CXX_LIBRARY = "libc++";
				CLANG_ENABLE_MODULES = YES;
				CLANG_ENABLE_OBJC_ARC = YES;
				CLANG_WARN_BOOL_CONVERSION = YES;
				CLANG_WARN_CONSTANT_CONVERSION = YES;
				CLANG_WARN_DIRECT_OBJC_ISA_USAGE = YES_ERROR;
				CLANG_WARN_DOCUMENTATION_COMMENTS = YES;
				CLANG_WARN_EMPTY_BODY = YES;
				CLANG_WARN_ENUM_CONVERSION = YES;
				CLANG_WARN_INFINITE_RECURSION = YES;
				CLANG_WARN_INT_CONVERSION = YES;
				CLANG_WARN_OBJC_ROOT_CLASS = YES_ERROR;
				CLANG_WARN_SUSPICIOUS_MOVE = YES;
				CLANG_WARN_UNREACHABLE_CODE = YES;
				CLANG_WARN__DUPLICATE_METHOD_MATCH = YES;
				"CODE_SIGN_IDENTITY[sdk=iphoneos*]" = "iPhone Developer";
				COPY_PHASE_STRIP = NO;
				DEBUG_INFORMATION_FORMAT = dwarf;
				ENABLE_STRICT_OBJC_MSGSEND = YES;
				ENABLE_TESTABILITY = YES;
				GCC_C_LANGUAGE_STANDARD = gnu99;
				GCC_DYNAMIC_NO_PIC = NO;
				GCC_NO_COMMON_BLOCKS = YES;
				GCC_OPTIMIZATION_LEVEL = 0;
				GCC_PREPROCESSOR_DEFINITIONS = (
					"DEBUG=1",
					"$(inherited)",
				);
				GCC_WARN_64_TO_32_BIT_CONVERSION = YES;
				GCC_WARN_ABOUT_RETURN_TYPE = YES_ERROR;
				GCC_WARN_UNDECLARED_SELECTOR = YES;
				GCC_WARN_UNINITIALIZED_AUTOS = YES_AGGRESSIVE;
				GCC_WARN_UNUSED_FUNCTION = YES;
				GCC_WARN_UNUSED_VARIABLE = YES;
				IPHONEOS_DEPLOYMENT_TARGET = 10.3;
				MTL_ENABLE_DEBUG_INFO = YES;
				ONLY_ACTIVE_ARCH = YES;
				SDKROOT = iphoneos;
				SWIFT_ACTIVE_COMPILATION_CONDITIONS = DEBUG;
				SWIFT_OPTIMIZATION_LEVEL = "-Onone";
			};
			name = Debug;
		};
		EB9C77851F31B87F008430F9 /* Release */ = {
			isa = XCBuildConfiguration;
			buildSettings = {
				ALWAYS_SEARCH_USER_PATHS = NO;
				CLANG_ANALYZER_NONNULL = YES;
				CLANG_ANALYZER_NUMBER_OBJECT_CONVERSION = YES_AGGRESSIVE;
				CLANG_CXX_LANGUAGE_STANDARD = "gnu++0x";
				CLANG_CXX_LIBRARY = "libc++";
				CLANG_ENABLE_MODULES = YES;
				CLANG_ENABLE_OBJC_ARC = YES;
				CLANG_WARN_BOOL_CONVERSION = YES;
				CLANG_WARN_CONSTANT_CONVERSION = YES;
				CLANG_WARN_DIRECT_OBJC_ISA_USAGE = YES_ERROR;
				CLANG_WARN_DOCUMENTATION_COMMENTS = YES;
				CLANG_WARN_EMPTY_BODY = YES;
				CLANG_WARN_ENUM_CONVERSION = YES;
				CLANG_WARN_INFINITE_RECURSION = YES;
				CLANG_WARN_INT_CONVERSION = YES;
				CLANG_WARN_OBJC_ROOT_CLASS = YES_ERROR;
				CLANG_WARN_SUSPICIOUS_MOVE = YES;
				CLANG_WARN_UNREACHABLE_CODE = YES;
				CLANG_WARN__DUPLICATE_METHOD_MATCH = YES;
				"CODE_SIGN_IDENTITY[sdk=iphoneos*]" = "iPhone Developer";
				COPY_PHASE_STRIP = NO;
				DEBUG_INFORMATION_FORMAT = "dwarf-with-dsym";
				ENABLE_NS_ASSERTIONS = NO;
				ENABLE_STRICT_OBJC_MSGSEND = YES;
				GCC_C_LANGUAGE_STANDARD = gnu99;
				GCC_NO_COMMON_BLOCKS = YES;
				GCC_WARN_64_TO_32_BIT_CONVERSION = YES;
				GCC_WARN_ABOUT_RETURN_TYPE = YES_ERROR;
				GCC_WARN_UNDECLARED_SELECTOR = YES;
				GCC_WARN_UNINITIALIZED_AUTOS = YES_AGGRESSIVE;
				GCC_WARN_UNUSED_FUNCTION = YES;
				GCC_WARN_UNUSED_VARIABLE = YES;
				IPHONEOS_DEPLOYMENT_TARGET = 10.3;
				MTL_ENABLE_DEBUG_INFO = NO;
				SDKROOT = iphoneos;
				SWIFT_OPTIMIZATION_LEVEL = "-Owholemodule";
				VALIDATE_PRODUCT = YES;
			};
			name = Release;
		};
		EB9C77871F31B87F008430F9 /* Debug */ = {
			isa = XCBuildConfiguration;
			buildSettings = {
				ASSETCATALOG_COMPILER_APPICON_NAME = AppIcon;
				INFOPLIST_FILE = UITable/Info.plist;
				LD_RUNPATH_SEARCH_PATHS = "$(inherited) @executable_path/Frameworks";
				PRODUCT_BUNDLE_IDENTIFIER = None.UITable;
				PRODUCT_NAME = "$(TARGET_NAME)";
				SWIFT_VERSION = 3.0;
			};
			name = Debug;
		};
		EB9C77881F31B87F008430F9 /* Release */ = {
			isa = XCBuildConfiguration;
			buildSettings = {
				ASSETCATALOG_COMPILER_APPICON_NAME = AppIcon;
				INFOPLIST_FILE = UITable/Info.plist;
				LD_RUNPATH_SEARCH_PATHS = "$(inherited) @executable_path/Frameworks";
				PRODUCT_BUNDLE_IDENTIFIER = None.UITable;
				PRODUCT_NAME = "$(TARGET_NAME)";
				SWIFT_VERSION = 3.0;
			};
			name = Release;
		};
		EB9C778A1F31B87F008430F9 /* Debug */ = {
			isa = XCBuildConfiguration;
			buildSettings = {
				ALWAYS_EMBED_SWIFT_STANDARD_LIBRARIES = YES;
				BUNDLE_LOADER = "$(TEST_HOST)";
				INFOPLIST_FILE = UITableTests/Info.plist;
				LD_RUNPATH_SEARCH_PATHS = "$(inherited) @executable_path/Frameworks @loader_path/Frameworks";
				PRODUCT_BUNDLE_IDENTIFIER = None.UITableTests;
				PRODUCT_NAME = "$(TARGET_NAME)";
				SWIFT_VERSION = 3.0;
				TEST_HOST = "$(BUILT_PRODUCTS_DIR)/UITable.app/UITable";
			};
			name = Debug;
		};
		EB9C778B1F31B87F008430F9 /* Release */ = {
			isa = XCBuildConfiguration;
			buildSettings = {
				ALWAYS_EMBED_SWIFT_STANDARD_LIBRARIES = YES;
				BUNDLE_LOADER = "$(TEST_HOST)";
				INFOPLIST_FILE = UITableTests/Info.plist;
				LD_RUNPATH_SEARCH_PATHS = "$(inherited) @executable_path/Frameworks @loader_path/Frameworks";
				PRODUCT_BUNDLE_IDENTIFIER = None.UITableTests;
				PRODUCT_NAME = "$(TARGET_NAME)";
				SWIFT_VERSION = 3.0;
				TEST_HOST = "$(BUILT_PRODUCTS_DIR)/UITable.app/UITable";
			};
			name = Release;
		};
		EB9C778D1F31B87F008430F9 /* Debug */ = {
			isa = XCBuildConfiguration;
			buildSettings = {
				ALWAYS_EMBED_SWIFT_STANDARD_LIBRARIES = YES;
				INFOPLIST_FILE = UITableUITests/Info.plist;
				LD_RUNPATH_SEARCH_PATHS = "$(inherited) @executable_path/Frameworks @loader_path/Frameworks";
				PRODUCT_BUNDLE_IDENTIFIER = None.UITableUITests;
				PRODUCT_NAME = "$(TARGET_NAME)";
				SWIFT_VERSION = 3.0;
				TEST_TARGET_NAME = UITable;
			};
			name = Debug;
		};
		EB9C778E1F31B87F008430F9 /* Release */ = {
			isa = XCBuildConfiguration;
			buildSettings = {
				ALWAYS_EMBED_SWIFT_STANDARD_LIBRARIES = YES;
				INFOPLIST_FILE = UITableUITests/Info.plist;
				LD_RUNPATH_SEARCH_PATHS = "$(inherited) @executable_path/Frameworks @loader_path/Frameworks";
				PRODUCT_BUNDLE_IDENTIFIER = None.UITableUITests;
				PRODUCT_NAME = "$(TARGET_NAME)";
				SWIFT_VERSION = 3.0;
				TEST_TARGET_NAME = UITable;
			};
			name = Release;
		};
/* End XCBuildConfiguration section */

/* Begin XCConfigurationList section */
		EB9C77591F31B87F008430F9 /* Build configuration list for PBXProject "UITable" */ = {
			isa = XCConfigurationList;
			buildConfigurations = (
				EB9C77841F31B87F008430F9 /* Debug */,
				EB9C77851F31B87F008430F9 /* Release */,
			);
			defaultConfigurationIsVisible = 0;
			defaultConfigurationName = Release;
		};
		EB9C77861F31B87F008430F9 /* Build configuration list for PBXNativeTarget "UITable" */ = {
			isa = XCConfigurationList;
			buildConfigurations = (
				EB9C77871F31B87F008430F9 /* Debug */,
				EB9C77881F31B87F008430F9 /* Release */,
			);
			defaultConfigurationIsVisible = 0;
		};
		EB9C77891F31B87F008430F9 /* Build configuration list for PBXNativeTarget "UITableTests" */ = {
			isa = XCConfigurationList;
			buildConfigurations = (
				EB9C778A1F31B87F008430F9 /* Debug */,
				EB9C778B1F31B87F008430F9 /* Release */,
			);
			defaultConfigurationIsVisible = 0;
		};
		EB9C778C1F31B87F008430F9 /* Build configuration list for PBXNativeTarget "UITableUITests" */ = {
			isa = XCConfigurationList;
			buildConfigurations = (
				EB9C778D1F31B87F008430F9 /* Debug */,
				EB9C778E1F31B87F008430F9 /* Release */,
			);
			defaultConfigurationIsVisible = 0;
		};
/* End XCConfigurationList section */
	};
	rootObject = EB9C77561F31B87F008430F9 /* Project object */;
}
